
Microsoft Visual Studio Solution File, Format Version 12.00
# Visual Studio 14
VisualStudioVersion = 14.0.25420.1
MinimumVisualStudioVersion = 10.0.40219.1
Project("{FAE04EC0-301F-11D3-BF4B-00C04F79EFBC}") = "ebIViewModels", "eRechnungWordPlugIn\ebIViewModels\ebIViewModels.csproj", "{DA41F877-C6C7-48E8-A5B3-7F126C657AF0}"
EndProject
Project("{FAE04EC0-301F-11D3-BF4B-00C04F79EFBC}") = "ebIModels", "eRechnungWordPlugIn\ebIModels\ebIModels.csproj", "{62A897BA-5A82-429F-B18A-2F77C0C1D9E3}"
EndProject
Project("{FAE04EC0-301F-11D3-BF4B-00C04F79EFBC}") = "EventBrokerExtension", "eRechnungWordPlugIn\EventBrokerExtension\EventBrokerExtension.csproj", "{7AFCAE67-5F08-4807-B7F4-C121F5776616}"
EndProject
Project("{FAE04EC0-301F-11D3-BF4B-00C04F79EFBC}") = "SimpleEventBroker", "eRechnungWordPlugIn\SimpleEventBroker\SimpleEventBroker.csproj", "{BD8B6873-6371-411B-A373-CBE97AD32F9F}"
EndProject
Project("{FAE04EC0-301F-11D3-BF4B-00C04F79EFBC}") = "WinFormsMvvm", "eRechnungWordPlugIn\WinFormsMvvm\WinFormsMvvm.csproj", "{2C9CCB95-9E62-419F-BED1-27623EAE81E3}"
EndProject
Project("{2150E333-8FDC-42A3-9474-1A3956D46DE8}") = "UnitTests", "eRechnungWordPlugIn\UnitTests", "{F3A7F157-7A2A-4849-8904-1B68884317CC}"
EndProject
Project("{2150E333-8FDC-42A3-9474-1A3956D46DE8}") = "FrameWork", "eRechnungWordPlugIn\FrameWork", "{B22F178E-9B52-45F8-A41E-A3D95A9005F9}"
EndProject
Project("{FAE04EC0-301F-11D3-BF4B-00C04F79EFBC}") = "ebIModelsUnitTests", "eRechnungWordPlugIn\UnitTests\ebIModelsUnitTests\ebIModelsUnitTests.csproj", "{80C2EC76-7E37-4FC4-9222-7E5F7E23D2AA}"
EndProject
Project("{FAE04EC0-301F-11D3-BF4B-00C04F79EFBC}") = "ebIViewModelsTests", "eRechnungWordPlugIn\UnitTests\ebIViewModelsTests\ebIViewModelsTests.csproj", "{7E352E43-D914-4D79-A80C-CCA4B36A2D6F}"
EndProject
Project("{FAE04EC0-301F-11D3-BF4B-00C04F79EFBC}") = "ExtensionMethods", "eRechnungWordPlugIn\ExtensionMethods\ExtensionMethods.csproj", "{4FD6055E-92D6-485A-8473-18978EB0669E}"
EndProject
Project("{FAE04EC0-301F-11D3-BF4B-00C04F79EFBC}") = "SettingsManager", "eRechnungWordPlugIn\SettingsManager\SettingsManager.csproj", "{814080C9-2377-4766-B516-A4E4D66D34A5}"
EndProject
Project("{FAE04EC0-301F-11D3-BF4B-00C04F79EFBC}") = "SettingsManagerTests", "eRechnungWordPlugIn\UnitTests\SettingsManagerTests\SettingsManagerTests.csproj", "{AF7075B3-8A49-46C6-A755-C1EC94AB286D}"
EndProject
Project("{FAE04EC0-301F-11D3-BF4B-00C04F79EFBC}") = "ebICommonTestSetup", "eRechnungWordPlugIn\UnitTests\ebICommonTestSetup\ebICommonTestSetup.csproj", "{49DC7CB2-DFE7-400E-9D94-7F93316A78C2}"
EndProject
Project("{FAE04EC0-301F-11D3-BF4B-00C04F79EFBC}") = "ExtensionMethodsTests", "eRechnungWordPlugIn\UnitTests\ExtensionMethodsTests\ExtensionMethodsTests.csproj", "{B128278C-2D45-404D-8BD9-5FCEE2101022}"
EndProject
Project("{FAE04EC0-301F-11D3-BF4B-00C04F79EFBC}") = "SettingsEditorTests", "eRechnungWordPlugIn\UnitTests\SettingsEditorTests\SettingsEditorTests.csproj", "{3B48739B-36A7-4772-A1F7-D5AF2832AC55}"
EndProject
Project("{FAE04EC0-301F-11D3-BF4B-00C04F79EFBC}") = "ebIServices", "eRechnungWordPlugIn\ebIServices\ebIServices.csproj", "{E38986B2-3B1B-4D39-9266-EAE34D8AA7BD}"
EndProject
Project("{FAE04EC0-301F-11D3-BF4B-00C04F79EFBC}") = "ebIServicesTests", "eRechnungWordPlugIn\UnitTests\ebIServicesTests\ebIServicesTests.csproj", "{6310C022-0D2A-4F15-88CF-0394BA6BF57A}"
EndProject
Project("{FAE04EC0-301F-11D3-BF4B-00C04F79EFBC}") = "ZustellDienstSample", "eRechnungWordPlugIn\ZustellDienstSample\ZustellDienstSample.csproj", "{80171F8F-AF13-46A8-BBC2-E8D7CC42EC5F}"
EndProject
Project("{FAE04EC0-301F-11D3-BF4B-00C04F79EFBC}") = "ZustellDienstWindowSample", "eRechnungWordPlugIn\ZustellDienstWindowSample\ZustellDienstWindowSample.csproj", "{20638BBA-1776-46D6-B321-BB8D08A30419}"
EndProject
Project("{FAE04EC0-301F-11D3-BF4B-00C04F79EFBC}") = "ebiValidation", "eRechnungWordPlugIn\ebiValidation\ebiValidation.csproj", "{5167232E-BF87-42F7-B5AF-53B5066DB7E8}"
EndProject
Project("{FAE04EC0-301F-11D3-BF4B-00C04F79EFBC}") = "SettingsEditor", "eRechnungWordPlugIn\SettingsEditor\SettingsEditor.csproj", "{14BE6058-1828-41A1-BD24-7499E146A682}"
EndProject
Project("{FAE04EC0-301F-11D3-BF4B-00C04F79EFBC}") = "Logging", "eRechnungWordPlugIn\Logging\Logging.csproj", "{7D98E229-22D4-46B2-A09E-30D70426C54E}"
EndProject
Project("{FAE04EC0-301F-11D3-BF4B-00C04F79EFBC}") = "eRechnung", "eRechnungWordPlugIn\eRechnung\eRechnung.csproj", "{DEA4BF2B-BE0A-4F5E-A8A5-67C81D7727C7}"
EndProject
Project("{FAE04EC0-301F-11D3-BF4B-00C04F79EFBC}") = "ebIModelsTests", "eRechnungWordPlugIn\ebIModelsTests\ebIModelsTests.csproj", "{29BFC195-34E9-4CA3-ACA3-FD5F90773323}"
EndProject
Project("{2150E333-8FDC-42A3-9474-1A3956D46DE8}") = "Scripts", "eRechnungWordPlugIn\Scripts", "{D602502B-6A6C-4823-A399-E82411132766}"
	ProjectSection(SolutionItems) = preProject
		Scripts\PlugInCfg.txt = Scripts\PlugInCfg.txt
		Scripts\ReleaseBuild.ps1 = Scripts\ReleaseBuild.ps1
		Scripts\setVersion.ps1 = Scripts\setVersion.ps1
		Scripts\Version.xml = Scripts\Version.xml
	EndProjectSection
EndProject
Project("{2150E333-8FDC-42A3-9474-1A3956D46DE8}") = "Handbuch", "eRechnungWordPlugIn\Handbuch", "{29392638-F0FE-42D6-BB91-ABEB04CC8E70}"
	ProjectSection(SolutionItems) = preProject
		Handbuch\Anleitung.docx = Handbuch\Anleitung.docx
		Handbuch\Anleitung.pdf = Handbuch\Anleitung.pdf
		Handbuch\Länder_ISO3166.xlsx = Handbuch\Länder_ISO3166.xlsx
		..\README.md = ..\README.md
	EndProjectSection
EndProject
Project("{FAE04EC0-301F-11D3-BF4B-00C04F79EFBC}") = "ProductVersion", "eRechnungWordPlugIn\ProductVersion\ProductVersion.csproj", "{72B8A5F0-8E2E-4C47-86B1-948CA6D00014}"
EndProject
Project("{FAE04EC0-301F-11D3-BF4B-00C04F79EFBC}") = "FileDlgExtenders", "eRechnungWordPlugIn\FileDlgExtenders\FileDlgExtenders.csproj", "{9B4DA48C-6D11-46C9-A63D-D369E9C5FE42}"
EndProject
Project("{FAE04EC0-301F-11D3-BF4B-00C04F79EFBC}") = "ebISaveFileDialog", "eRechnungWordPlugIn\ebISaveFileDialog\ebISaveFileDialog.csproj", "{CA9BF7EF-850F-467B-96E6-02254BA24F60}"
EndProject
Global
	GlobalSection(SolutionConfigurationPlatforms) = preSolution
		Debug|Any CPU = Debug|Any CPU
		Debug|x86 = Debug|x86
		Release|Any CPU = Release|Any CPU
		Release|x86 = Release|x86
	EndGlobalSection
	GlobalSection(ProjectConfigurationPlatforms) = postSolution
		{DA41F877-C6C7-48E8-A5B3-7F126C657AF0}.Debug|Any CPU.ActiveCfg = Debug|Any CPU
		{DA41F877-C6C7-48E8-A5B3-7F126C657AF0}.Debug|Any CPU.Build.0 = Debug|Any CPU
		{DA41F877-C6C7-48E8-A5B3-7F126C657AF0}.Debug|x86.ActiveCfg = Debug|x86
		{DA41F877-C6C7-48E8-A5B3-7F126C657AF0}.Debug|x86.Build.0 = Debug|x86
		{DA41F877-C6C7-48E8-A5B3-7F126C657AF0}.Release|Any CPU.ActiveCfg = Release|Any CPU
		{DA41F877-C6C7-48E8-A5B3-7F126C657AF0}.Release|Any CPU.Build.0 = Release|Any CPU
		{DA41F877-C6C7-48E8-A5B3-7F126C657AF0}.Release|x86.ActiveCfg = Release|x86
		{DA41F877-C6C7-48E8-A5B3-7F126C657AF0}.Release|x86.Build.0 = Release|x86
		{62A897BA-5A82-429F-B18A-2F77C0C1D9E3}.Debug|Any CPU.ActiveCfg = Debug|Any CPU
		{62A897BA-5A82-429F-B18A-2F77C0C1D9E3}.Debug|Any CPU.Build.0 = Debug|Any CPU
		{62A897BA-5A82-429F-B18A-2F77C0C1D9E3}.Debug|x86.ActiveCfg = Debug|x86
		{62A897BA-5A82-429F-B18A-2F77C0C1D9E3}.Debug|x86.Build.0 = Debug|x86
		{62A897BA-5A82-429F-B18A-2F77C0C1D9E3}.Release|Any CPU.ActiveCfg = Release|Any CPU
		{62A897BA-5A82-429F-B18A-2F77C0C1D9E3}.Release|Any CPU.Build.0 = Release|Any CPU
		{62A897BA-5A82-429F-B18A-2F77C0C1D9E3}.Release|x86.ActiveCfg = Release|x86
		{62A897BA-5A82-429F-B18A-2F77C0C1D9E3}.Release|x86.Build.0 = Release|x86
		{7AFCAE67-5F08-4807-B7F4-C121F5776616}.Debug|Any CPU.ActiveCfg = Debug|Any CPU
		{7AFCAE67-5F08-4807-B7F4-C121F5776616}.Debug|Any CPU.Build.0 = Debug|Any CPU
		{7AFCAE67-5F08-4807-B7F4-C121F5776616}.Debug|x86.ActiveCfg = Debug|x86
		{7AFCAE67-5F08-4807-B7F4-C121F5776616}.Debug|x86.Build.0 = Debug|x86
		{7AFCAE67-5F08-4807-B7F4-C121F5776616}.Release|Any CPU.ActiveCfg = Release|Any CPU
		{7AFCAE67-5F08-4807-B7F4-C121F5776616}.Release|Any CPU.Build.0 = Release|Any CPU
		{7AFCAE67-5F08-4807-B7F4-C121F5776616}.Release|x86.ActiveCfg = Release|x86
		{7AFCAE67-5F08-4807-B7F4-C121F5776616}.Release|x86.Build.0 = Release|x86
		{BD8B6873-6371-411B-A373-CBE97AD32F9F}.Debug|Any CPU.ActiveCfg = Debug|Any CPU
		{BD8B6873-6371-411B-A373-CBE97AD32F9F}.Debug|Any CPU.Build.0 = Debug|Any CPU
		{BD8B6873-6371-411B-A373-CBE97AD32F9F}.Debug|x86.ActiveCfg = Debug|x86
		{BD8B6873-6371-411B-A373-CBE97AD32F9F}.Debug|x86.Build.0 = Debug|x86
		{BD8B6873-6371-411B-A373-CBE97AD32F9F}.Release|Any CPU.ActiveCfg = Release|Any CPU
		{BD8B6873-6371-411B-A373-CBE97AD32F9F}.Release|Any CPU.Build.0 = Release|Any CPU
		{BD8B6873-6371-411B-A373-CBE97AD32F9F}.Release|x86.ActiveCfg = Release|x86
		{BD8B6873-6371-411B-A373-CBE97AD32F9F}.Release|x86.Build.0 = Release|x86
		{2C9CCB95-9E62-419F-BED1-27623EAE81E3}.Debug|Any CPU.ActiveCfg = Debug|Any CPU
		{2C9CCB95-9E62-419F-BED1-27623EAE81E3}.Debug|Any CPU.Build.0 = Debug|Any CPU
		{2C9CCB95-9E62-419F-BED1-27623EAE81E3}.Debug|x86.ActiveCfg = Debug|x86
		{2C9CCB95-9E62-419F-BED1-27623EAE81E3}.Debug|x86.Build.0 = Debug|x86
		{2C9CCB95-9E62-419F-BED1-27623EAE81E3}.Release|Any CPU.ActiveCfg = Release|Any CPU
		{2C9CCB95-9E62-419F-BED1-27623EAE81E3}.Release|Any CPU.Build.0 = Release|Any CPU
		{2C9CCB95-9E62-419F-BED1-27623EAE81E3}.Release|x86.ActiveCfg = Release|x86
		{2C9CCB95-9E62-419F-BED1-27623EAE81E3}.Release|x86.Build.0 = Release|x86
		{80C2EC76-7E37-4FC4-9222-7E5F7E23D2AA}.Debug|Any CPU.ActiveCfg = Debug|Any CPU
		{80C2EC76-7E37-4FC4-9222-7E5F7E23D2AA}.Debug|Any CPU.Build.0 = Debug|Any CPU
		{80C2EC76-7E37-4FC4-9222-7E5F7E23D2AA}.Debug|x86.ActiveCfg = Debug|x86
		{80C2EC76-7E37-4FC4-9222-7E5F7E23D2AA}.Debug|x86.Build.0 = Debug|x86
		{80C2EC76-7E37-4FC4-9222-7E5F7E23D2AA}.Release|Any CPU.ActiveCfg = Release|Any CPU
		{80C2EC76-7E37-4FC4-9222-7E5F7E23D2AA}.Release|Any CPU.Build.0 = Release|Any CPU
		{80C2EC76-7E37-4FC4-9222-7E5F7E23D2AA}.Release|x86.ActiveCfg = Release|x86
		{80C2EC76-7E37-4FC4-9222-7E5F7E23D2AA}.Release|x86.Build.0 = Release|x86
		{7E352E43-D914-4D79-A80C-CCA4B36A2D6F}.Debug|Any CPU.ActiveCfg = Debug|Any CPU
		{7E352E43-D914-4D79-A80C-CCA4B36A2D6F}.Debug|Any CPU.Build.0 = Debug|Any CPU
		{7E352E43-D914-4D79-A80C-CCA4B36A2D6F}.Debug|x86.ActiveCfg = Debug|x86
		{7E352E43-D914-4D79-A80C-CCA4B36A2D6F}.Debug|x86.Build.0 = Debug|x86
		{7E352E43-D914-4D79-A80C-CCA4B36A2D6F}.Release|Any CPU.ActiveCfg = Release|Any CPU
		{7E352E43-D914-4D79-A80C-CCA4B36A2D6F}.Release|Any CPU.Build.0 = Release|Any CPU
		{7E352E43-D914-4D79-A80C-CCA4B36A2D6F}.Release|x86.ActiveCfg = Release|x86
		{7E352E43-D914-4D79-A80C-CCA4B36A2D6F}.Release|x86.Build.0 = Release|x86
		{4FD6055E-92D6-485A-8473-18978EB0669E}.Debug|Any CPU.ActiveCfg = Debug|Any CPU
		{4FD6055E-92D6-485A-8473-18978EB0669E}.Debug|Any CPU.Build.0 = Debug|Any CPU
		{4FD6055E-92D6-485A-8473-18978EB0669E}.Debug|x86.ActiveCfg = Debug|x86
		{4FD6055E-92D6-485A-8473-18978EB0669E}.Debug|x86.Build.0 = Debug|x86
		{4FD6055E-92D6-485A-8473-18978EB0669E}.Release|Any CPU.ActiveCfg = Release|Any CPU
		{4FD6055E-92D6-485A-8473-18978EB0669E}.Release|Any CPU.Build.0 = Release|Any CPU
		{4FD6055E-92D6-485A-8473-18978EB0669E}.Release|x86.ActiveCfg = Release|x86
		{4FD6055E-92D6-485A-8473-18978EB0669E}.Release|x86.Build.0 = Release|x86
		{814080C9-2377-4766-B516-A4E4D66D34A5}.Debug|Any CPU.ActiveCfg = Debug|Any CPU
		{814080C9-2377-4766-B516-A4E4D66D34A5}.Debug|Any CPU.Build.0 = Debug|Any CPU
		{814080C9-2377-4766-B516-A4E4D66D34A5}.Debug|x86.ActiveCfg = Debug|x86
		{814080C9-2377-4766-B516-A4E4D66D34A5}.Debug|x86.Build.0 = Debug|x86
		{814080C9-2377-4766-B516-A4E4D66D34A5}.Release|Any CPU.ActiveCfg = Release|Any CPU
		{814080C9-2377-4766-B516-A4E4D66D34A5}.Release|Any CPU.Build.0 = Release|Any CPU
		{814080C9-2377-4766-B516-A4E4D66D34A5}.Release|x86.ActiveCfg = Release|x86
		{814080C9-2377-4766-B516-A4E4D66D34A5}.Release|x86.Build.0 = Release|x86
		{AF7075B3-8A49-46C6-A755-C1EC94AB286D}.Debug|Any CPU.ActiveCfg = Debug|Any CPU
		{AF7075B3-8A49-46C6-A755-C1EC94AB286D}.Debug|Any CPU.Build.0 = Debug|Any CPU
		{AF7075B3-8A49-46C6-A755-C1EC94AB286D}.Debug|x86.ActiveCfg = Debug|x86
		{AF7075B3-8A49-46C6-A755-C1EC94AB286D}.Debug|x86.Build.0 = Debug|x86
		{AF7075B3-8A49-46C6-A755-C1EC94AB286D}.Release|Any CPU.ActiveCfg = Release|Any CPU
		{AF7075B3-8A49-46C6-A755-C1EC94AB286D}.Release|Any CPU.Build.0 = Release|Any CPU
		{AF7075B3-8A49-46C6-A755-C1EC94AB286D}.Release|x86.ActiveCfg = Release|x86
		{AF7075B3-8A49-46C6-A755-C1EC94AB286D}.Release|x86.Build.0 = Release|x86
		{49DC7CB2-DFE7-400E-9D94-7F93316A78C2}.Debug|Any CPU.ActiveCfg = Debug|Any CPU
		{49DC7CB2-DFE7-400E-9D94-7F93316A78C2}.Debug|Any CPU.Build.0 = Debug|Any CPU
		{49DC7CB2-DFE7-400E-9D94-7F93316A78C2}.Debug|x86.ActiveCfg = Debug|x86
		{49DC7CB2-DFE7-400E-9D94-7F93316A78C2}.Debug|x86.Build.0 = Debug|x86
		{49DC7CB2-DFE7-400E-9D94-7F93316A78C2}.Release|Any CPU.ActiveCfg = Release|Any CPU
		{49DC7CB2-DFE7-400E-9D94-7F93316A78C2}.Release|Any CPU.Build.0 = Release|Any CPU
		{49DC7CB2-DFE7-400E-9D94-7F93316A78C2}.Release|x86.ActiveCfg = Release|x86
		{49DC7CB2-DFE7-400E-9D94-7F93316A78C2}.Release|x86.Build.0 = Release|x86
		{B128278C-2D45-404D-8BD9-5FCEE2101022}.Debug|Any CPU.ActiveCfg = Debug|Any CPU
		{B128278C-2D45-404D-8BD9-5FCEE2101022}.Debug|Any CPU.Build.0 = Debug|Any CPU
		{B128278C-2D45-404D-8BD9-5FCEE2101022}.Debug|x86.ActiveCfg = Debug|x86
		{B128278C-2D45-404D-8BD9-5FCEE2101022}.Debug|x86.Build.0 = Debug|x86
		{B128278C-2D45-404D-8BD9-5FCEE2101022}.Release|Any CPU.ActiveCfg = Release|Any CPU
		{B128278C-2D45-404D-8BD9-5FCEE2101022}.Release|Any CPU.Build.0 = Release|Any CPU
		{B128278C-2D45-404D-8BD9-5FCEE2101022}.Release|x86.ActiveCfg = Release|x86
		{B128278C-2D45-404D-8BD9-5FCEE2101022}.Release|x86.Build.0 = Release|x86
		{3B48739B-36A7-4772-A1F7-D5AF2832AC55}.Debug|Any CPU.ActiveCfg = Debug|Any CPU
		{3B48739B-36A7-4772-A1F7-D5AF2832AC55}.Debug|Any CPU.Build.0 = Debug|Any CPU
		{3B48739B-36A7-4772-A1F7-D5AF2832AC55}.Debug|x86.ActiveCfg = Debug|Any CPU
		{3B48739B-36A7-4772-A1F7-D5AF2832AC55}.Release|Any CPU.ActiveCfg = Release|Any CPU
		{3B48739B-36A7-4772-A1F7-D5AF2832AC55}.Release|Any CPU.Build.0 = Release|Any CPU
		{3B48739B-36A7-4772-A1F7-D5AF2832AC55}.Release|x86.ActiveCfg = Release|Any CPU
		{E38986B2-3B1B-4D39-9266-EAE34D8AA7BD}.Debug|Any CPU.ActiveCfg = Debug|Any CPU
		{E38986B2-3B1B-4D39-9266-EAE34D8AA7BD}.Debug|Any CPU.Build.0 = Debug|Any CPU
		{E38986B2-3B1B-4D39-9266-EAE34D8AA7BD}.Debug|x86.ActiveCfg = Debug|Any CPU
		{E38986B2-3B1B-4D39-9266-EAE34D8AA7BD}.Release|Any CPU.ActiveCfg = Release|Any CPU
		{E38986B2-3B1B-4D39-9266-EAE34D8AA7BD}.Release|Any CPU.Build.0 = Release|Any CPU
		{E38986B2-3B1B-4D39-9266-EAE34D8AA7BD}.Release|x86.ActiveCfg = Release|Any CPU
		{6310C022-0D2A-4F15-88CF-0394BA6BF57A}.Debug|Any CPU.ActiveCfg = Debug|Any CPU
		{6310C022-0D2A-4F15-88CF-0394BA6BF57A}.Debug|Any CPU.Build.0 = Debug|Any CPU
		{6310C022-0D2A-4F15-88CF-0394BA6BF57A}.Debug|x86.ActiveCfg = Debug|Any CPU
		{6310C022-0D2A-4F15-88CF-0394BA6BF57A}.Release|Any CPU.ActiveCfg = Release|Any CPU
		{6310C022-0D2A-4F15-88CF-0394BA6BF57A}.Release|Any CPU.Build.0 = Release|Any CPU
		{6310C022-0D2A-4F15-88CF-0394BA6BF57A}.Release|x86.ActiveCfg = Release|Any CPU
		{80171F8F-AF13-46A8-BBC2-E8D7CC42EC5F}.Debug|Any CPU.ActiveCfg = Debug|Any CPU
		{80171F8F-AF13-46A8-BBC2-E8D7CC42EC5F}.Debug|Any CPU.Build.0 = Debug|Any CPU
		{80171F8F-AF13-46A8-BBC2-E8D7CC42EC5F}.Debug|x86.ActiveCfg = Debug|Any CPU
		{80171F8F-AF13-46A8-BBC2-E8D7CC42EC5F}.Release|Any CPU.ActiveCfg = Release|Any CPU
		{80171F8F-AF13-46A8-BBC2-E8D7CC42EC5F}.Release|Any CPU.Build.0 = Release|Any CPU
		{80171F8F-AF13-46A8-BBC2-E8D7CC42EC5F}.Release|x86.ActiveCfg = Release|Any CPU
		{20638BBA-1776-46D6-B321-BB8D08A30419}.Debug|Any CPU.ActiveCfg = Debug|Any CPU
		{20638BBA-1776-46D6-B321-BB8D08A30419}.Debug|Any CPU.Build.0 = Debug|Any CPU
		{20638BBA-1776-46D6-B321-BB8D08A30419}.Debug|x86.ActiveCfg = Debug|Any CPU
		{20638BBA-1776-46D6-B321-BB8D08A30419}.Release|Any CPU.ActiveCfg = Release|Any CPU
		{20638BBA-1776-46D6-B321-BB8D08A30419}.Release|Any CPU.Build.0 = Release|Any CPU
		{20638BBA-1776-46D6-B321-BB8D08A30419}.Release|x86.ActiveCfg = Release|Any CPU
		{5167232E-BF87-42F7-B5AF-53B5066DB7E8}.Debug|Any CPU.ActiveCfg = Debug|Any CPU
		{5167232E-BF87-42F7-B5AF-53B5066DB7E8}.Debug|Any CPU.Build.0 = Debug|Any CPU
		{5167232E-BF87-42F7-B5AF-53B5066DB7E8}.Debug|x86.ActiveCfg = Debug|Any CPU
		{5167232E-BF87-42F7-B5AF-53B5066DB7E8}.Release|Any CPU.ActiveCfg = Release|Any CPU
		{5167232E-BF87-42F7-B5AF-53B5066DB7E8}.Release|Any CPU.Build.0 = Release|Any CPU
		{5167232E-BF87-42F7-B5AF-53B5066DB7E8}.Release|x86.ActiveCfg = Release|Any CPU
		{14BE6058-1828-41A1-BD24-7499E146A682}.Debug|Any CPU.ActiveCfg = Debug|Any CPU
		{14BE6058-1828-41A1-BD24-7499E146A682}.Debug|Any CPU.Build.0 = Debug|Any CPU
		{14BE6058-1828-41A1-BD24-7499E146A682}.Debug|x86.ActiveCfg = Debug|Any CPU
		{14BE6058-1828-41A1-BD24-7499E146A682}.Release|Any CPU.ActiveCfg = Release|Any CPU
		{14BE6058-1828-41A1-BD24-7499E146A682}.Release|Any CPU.Build.0 = Release|Any CPU
		{14BE6058-1828-41A1-BD24-7499E146A682}.Release|x86.ActiveCfg = Release|Any CPU
		{7D98E229-22D4-46B2-A09E-30D70426C54E}.Debug|Any CPU.ActiveCfg = Debug|Any CPU
		{7D98E229-22D4-46B2-A09E-30D70426C54E}.Debug|Any CPU.Build.0 = Debug|Any CPU
		{7D98E229-22D4-46B2-A09E-30D70426C54E}.Debug|x86.ActiveCfg = Debug|Any CPU
		{7D98E229-22D4-46B2-A09E-30D70426C54E}.Release|Any CPU.ActiveCfg = Release|Any CPU
		{7D98E229-22D4-46B2-A09E-30D70426C54E}.Release|Any CPU.Build.0 = Release|Any CPU
		{7D98E229-22D4-46B2-A09E-30D70426C54E}.Release|x86.ActiveCfg = Release|Any CPU
		{DEA4BF2B-BE0A-4F5E-A8A5-67C81D7727C7}.Debug|Any CPU.ActiveCfg = Debug|Any CPU
		{DEA4BF2B-BE0A-4F5E-A8A5-67C81D7727C7}.Debug|Any CPU.Build.0 = Debug|Any CPU
		{DEA4BF2B-BE0A-4F5E-A8A5-67C81D7727C7}.Debug|x86.ActiveCfg = Debug|x86
		{DEA4BF2B-BE0A-4F5E-A8A5-67C81D7727C7}.Debug|x86.Build.0 = Debug|x86
		{DEA4BF2B-BE0A-4F5E-A8A5-67C81D7727C7}.Release|Any CPU.ActiveCfg = Release|Any CPU
		{DEA4BF2B-BE0A-4F5E-A8A5-67C81D7727C7}.Release|Any CPU.Build.0 = Release|Any CPU
		{DEA4BF2B-BE0A-4F5E-A8A5-67C81D7727C7}.Release|x86.ActiveCfg = Release|x86
		{DEA4BF2B-BE0A-4F5E-A8A5-67C81D7727C7}.Release|x86.Build.0 = Release|x86
		{29BFC195-34E9-4CA3-ACA3-FD5F90773323}.Debug|Any CPU.ActiveCfg = Debug|Any CPU
		{29BFC195-34E9-4CA3-ACA3-FD5F90773323}.Debug|Any CPU.Build.0 = Debug|Any CPU
		{29BFC195-34E9-4CA3-ACA3-FD5F90773323}.Debug|x86.ActiveCfg = Debug|Any CPU
		{29BFC195-34E9-4CA3-ACA3-FD5F90773323}.Debug|x86.Build.0 = Debug|Any CPU
		{29BFC195-34E9-4CA3-ACA3-FD5F90773323}.Release|Any CPU.ActiveCfg = Release|Any CPU
		{29BFC195-34E9-4CA3-ACA3-FD5F90773323}.Release|Any CPU.Build.0 = Release|Any CPU
		{29BFC195-34E9-4CA3-ACA3-FD5F90773323}.Release|x86.ActiveCfg = Release|Any CPU
		{29BFC195-34E9-4CA3-ACA3-FD5F90773323}.Release|x86.Build.0 = Release|Any CPU
		{72B8A5F0-8E2E-4C47-86B1-948CA6D00014}.Debug|Any CPU.ActiveCfg = Debug|Any CPU
		{72B8A5F0-8E2E-4C47-86B1-948CA6D00014}.Debug|Any CPU.Build.0 = Debug|Any CPU
		{72B8A5F0-8E2E-4C47-86B1-948CA6D00014}.Debug|x86.ActiveCfg = Debug|Any CPU
		{72B8A5F0-8E2E-4C47-86B1-948CA6D00014}.Debug|x86.Build.0 = Debug|Any CPU
		{72B8A5F0-8E2E-4C47-86B1-948CA6D00014}.Release|Any CPU.ActiveCfg = Release|Any CPU
		{72B8A5F0-8E2E-4C47-86B1-948CA6D00014}.Release|Any CPU.Build.0 = Release|Any CPU
		{72B8A5F0-8E2E-4C47-86B1-948CA6D00014}.Release|x86.ActiveCfg = Release|Any CPU
		{72B8A5F0-8E2E-4C47-86B1-948CA6D00014}.Release|x86.Build.0 = Release|Any CPU
		{9B4DA48C-6D11-46C9-A63D-D369E9C5FE42}.Debug|Any CPU.ActiveCfg = Debug|Any CPU
		{9B4DA48C-6D11-46C9-A63D-D369E9C5FE42}.Debug|Any CPU.Build.0 = Debug|Any CPU
		{9B4DA48C-6D11-46C9-A63D-D369E9C5FE42}.Debug|x86.ActiveCfg = Debug|Any CPU
		{9B4DA48C-6D11-46C9-A63D-D369E9C5FE42}.Debug|x86.Build.0 = Debug|Any CPU
		{9B4DA48C-6D11-46C9-A63D-D369E9C5FE42}.Release|Any CPU.ActiveCfg = Release|Any CPU
		{9B4DA48C-6D11-46C9-A63D-D369E9C5FE42}.Release|Any CPU.Build.0 = Release|Any CPU
		{9B4DA48C-6D11-46C9-A63D-D369E9C5FE42}.Release|x86.ActiveCfg = Release|Any CPU
		{9B4DA48C-6D11-46C9-A63D-D369E9C5FE42}.Release|x86.Build.0 = Release|Any CPU
		{CA9BF7EF-850F-467B-96E6-02254BA24F60}.Debug|Any CPU.ActiveCfg = Debug|Any CPU
		{CA9BF7EF-850F-467B-96E6-02254BA24F60}.Debug|Any CPU.Build.0 = Debug|Any CPU
		{CA9BF7EF-850F-467B-96E6-02254BA24F60}.Debug|x86.ActiveCfg = Debug|Any CPU
		{CA9BF7EF-850F-467B-96E6-02254BA24F60}.Debug|x86.Build.0 = Debug|Any CPU
		{CA9BF7EF-850F-467B-96E6-02254BA24F60}.Release|Any CPU.ActiveCfg = Release|Any CPU
		{CA9BF7EF-850F-467B-96E6-02254BA24F60}.Release|Any CPU.Build.0 = Release|Any CPU
		{CA9BF7EF-850F-467B-96E6-02254BA24F60}.Release|x86.ActiveCfg = Release|Any CPU
		{CA9BF7EF-850F-467B-96E6-02254BA24F60}.Release|x86.Build.0 = Release|Any CPU
	EndGlobalSection
	GlobalSection(SolutionProperties) = preSolution
		HideSolutionNode = FALSE
	EndGlobalSection
	GlobalSection(NestedProjects) = preSolution
		{7AFCAE67-5F08-4807-B7F4-C121F5776616} = {B22F178E-9B52-45F8-A41E-A3D95A9005F9}
		{BD8B6873-6371-411B-A373-CBE97AD32F9F} = {B22F178E-9B52-45F8-A41E-A3D95A9005F9}
		{2C9CCB95-9E62-419F-BED1-27623EAE81E3} = {B22F178E-9B52-45F8-A41E-A3D95A9005F9}
		{80C2EC76-7E37-4FC4-9222-7E5F7E23D2AA} = {F3A7F157-7A2A-4849-8904-1B68884317CC}
		{7E352E43-D914-4D79-A80C-CCA4B36A2D6F} = {F3A7F157-7A2A-4849-8904-1B68884317CC}
		{4FD6055E-92D6-485A-8473-18978EB0669E} = {B22F178E-9B52-45F8-A41E-A3D95A9005F9}
		{AF7075B3-8A49-46C6-A755-C1EC94AB286D} = {F3A7F157-7A2A-4849-8904-1B68884317CC}
		{49DC7CB2-DFE7-400E-9D94-7F93316A78C2} = {F3A7F157-7A2A-4849-8904-1B68884317CC}
		{B128278C-2D45-404D-8BD9-5FCEE2101022} = {F3A7F157-7A2A-4849-8904-1B68884317CC}
		{3B48739B-36A7-4772-A1F7-D5AF2832AC55} = {F3A7F157-7A2A-4849-8904-1B68884317CC}
		{6310C022-0D2A-4F15-88CF-0394BA6BF57A} = {F3A7F157-7A2A-4849-8904-1B68884317CC}
		{7D98E229-22D4-46B2-A09E-30D70426C54E} = {B22F178E-9B52-45F8-A41E-A3D95A9005F9}
		{29BFC195-34E9-4CA3-ACA3-FD5F90773323} = {F3A7F157-7A2A-4849-8904-1B68884317CC}
		{72B8A5F0-8E2E-4C47-86B1-948CA6D00014} = {B22F178E-9B52-45F8-A41E-A3D95A9005F9}
		{9B4DA48C-6D11-46C9-A63D-D369E9C5FE42} = {B22F178E-9B52-45F8-A41E-A3D95A9005F9}
		{CA9BF7EF-850F-467B-96E6-02254BA24F60} = {B22F178E-9B52-45F8-A41E-A3D95A9005F9}
	EndGlobalSection
	GlobalSection(ExtensibilityGlobals) = postSolution
		EnterpriseLibraryConfigurationToolBinariesPathV6 = packages\EnterpriseLibrary.Common.6.0.1304.0\lib\NET45;packages\EnterpriseLibrary.Logging.6.0.1304.0\lib\NET45;packages\EnterpriseLibrary.Validation.6.0.1304.0\lib\NET45;packages\EnterpriseLibrary.Validation.Integration.WinForms.6.0.1304.0\lib\NET45
	EndGlobalSection
EndGlobal
